// !$*UTF8*$!
{
	archiveVersion = 1;
	classes = {
	};
	objectVersion = 56;
	objects = {

/* Begin PBXBuildFile section */
		4D0122A12DEC812E003E72B0 /* MathcingView.swift in Sources */ = {isa = PBXBuildFile; fileRef = 4D0122A02DEC812E003E72B0 /* MathcingView.swift */; };
		4D0122A52DEC90B4003E72B0 /* WriteAnswerView.swift in Sources */ = {isa = PBXBuildFile; fileRef = 4D0122A42DEC90B4003E72B0 /* WriteAnswerView.swift */; };
		4D0B3BE32DA6B05D006206F1 /* LoginNetworkManager.swift in Sources */ = {isa = PBXBuildFile; fileRef = 4D0B3BE22DA6B05D006206F1 /* LoginNetworkManager.swift */; };
		4D0B3BE52DA6B47F006206F1 /* Login.swift in Sources */ = {isa = PBXBuildFile; fileRef = 4D0B3BE42DA6B47F006206F1 /* Login.swift */; };
		4D0B3BE72DA6B957006206F1 /* LoginView.swift in Sources */ = {isa = PBXBuildFile; fileRef = 4D0B3BE62DA6B957006206F1 /* LoginView.swift */; };
		4D2AB0082DB6705E00A4C73B /* GenericDigitTextField.swift in Sources */ = {isa = PBXBuildFile; fileRef = 4D2AB0072DB6705E00A4C73B /* GenericDigitTextField.swift */; };
		4D33EA172E09720100B2661B /* Kingfisher in Frameworks */ = {isa = PBXBuildFile; productRef = 4D33EA162E09720100B2661B /* Kingfisher */; };
		4D33EA192E0995B600B2661B /* ChatListViewModel.swift in Sources */ = {isa = PBXBuildFile; fileRef = 4D33EA182E0995B600B2661B /* ChatListViewModel.swift */; };
		4D3AD6E42DE4A83100436A4B /* ValuesListView.swift in Sources */ = {isa = PBXBuildFile; fileRef = 4D3AD6E32DE4A83100436A4B /* ValuesListView.swift */; };
		4D3AD6E62DE4A99B00436A4B /* ProflieViewModel.swift in Sources */ = {isa = PBXBuildFile; fileRef = 4D3AD6E52DE4A99B00436A4B /* ProflieViewModel.swift */; };
		4D3AD6E82DE4AA2600436A4B /* Profile.swift in Sources */ = {isa = PBXBuildFile; fileRef = 4D3AD6E72DE4AA2600436A4B /* Profile.swift */; };
		4D40568E2D64B65300F95ACF /* LocationSelectView.swift in Sources */ = {isa = PBXBuildFile; fileRef = 4D40568D2D64B65300F95ACF /* LocationSelectView.swift */; };
		4D4056902D64D20800F95ACF /* LoveKeywordSelectView.swift in Sources */ = {isa = PBXBuildFile; fileRef = 4D40568F2D64D20800F95ACF /* LoveKeywordSelectView.swift */; };
		4D4056922D66160500F95ACF /* UserProfileInputView.swift in Sources */ = {isa = PBXBuildFile; fileRef = 4D4056912D66160500F95ACF /* UserProfileInputView.swift */; };
		4D443B9B2DCB85C600F4B9EB /* OnboardingNetworkManager.swift in Sources */ = {isa = PBXBuildFile; fileRef = 4D443B9A2DCB85C600F4B9EB /* OnboardingNetworkManager.swift */; };
		4D443B9D2DCB8B5F00F4B9EB /* Methods.swift in Sources */ = {isa = PBXBuildFile; fileRef = 4D443B9C2DCB8B5F00F4B9EB /* Methods.swift */; };
		4D443BA22DCB954F00F4B9EB /* ChatProfileImageView.swift in Sources */ = {isa = PBXBuildFile; fileRef = 4D443BA12DCB954F00F4B9EB /* ChatProfileImageView.swift */; };
		4D443BA42DCB957C00F4B9EB /* ImageOnboardingViewModel.swift in Sources */ = {isa = PBXBuildFile; fileRef = 4D443BA32DCB957C00F4B9EB /* ImageOnboardingViewModel.swift */; };
		4D443BA72DCBA34000F4B9EB /* Onboarding.swift in Sources */ = {isa = PBXBuildFile; fileRef = 4D443BA62DCBA34000F4B9EB /* Onboarding.swift */; };
		4D443BA92DCBAB6A00F4B9EB /* Codable+Ext.swift in Sources */ = {isa = PBXBuildFile; fileRef = 4D443BA82DCBAB6A00F4B9EB /* Codable+Ext.swift */; };
		4D443BAB2DCCE15F00F4B9EB /* KeychainManager.swift in Sources */ = {isa = PBXBuildFile; fileRef = 4D443BAA2DCCE15F00F4B9EB /* KeychainManager.swift */; };
		4D6119502D75AA2900715B9E /* BirthTextField.swift in Sources */ = {isa = PBXBuildFile; fileRef = 4D61194F2D75AA2900715B9E /* BirthTextField.swift */; };
		4D6119522D75AA8700715B9E /* UnitLabel.swift in Sources */ = {isa = PBXBuildFile; fileRef = 4D6119512D75AA8700715B9E /* UnitLabel.swift */; };
		4D6119542D75B0EB00715B9E /* AppState.swift in Sources */ = {isa = PBXBuildFile; fileRef = 4D6119532D75B0EB00715B9E /* AppState.swift */; };
		4D6119572D75B20B00715B9E /* ChatListView.swift in Sources */ = {isa = PBXBuildFile; fileRef = 4D6119562D75B20B00715B9E /* ChatListView.swift */; };
		4D6119592D75B21E00715B9E /* SettingView.swift in Sources */ = {isa = PBXBuildFile; fileRef = 4D6119582D75B21E00715B9E /* SettingView.swift */; };
		4D61195B2D75B24300715B9E /* MainContainerView.swift in Sources */ = {isa = PBXBuildFile; fileRef = 4D61195A2D75B24300715B9E /* MainContainerView.swift */; };
		4D61195D2D75B2A300715B9E /* OnboardingContainerView.swift in Sources */ = {isa = PBXBuildFile; fileRef = 4D61195C2D75B2A300715B9E /* OnboardingContainerView.swift */; };
		4D61195F2D75B2F500715B9E /* PhoneNumberView.swift in Sources */ = {isa = PBXBuildFile; fileRef = 4D61195E2D75B2F500715B9E /* PhoneNumberView.swift */; };
		4D6119622D75CC9100715B9E /* OnboardingViewModel.swift in Sources */ = {isa = PBXBuildFile; fileRef = 4D6119612D75CC9100715B9E /* OnboardingViewModel.swift */; };
		4D61196A2D75EFC900715B9E /* EducationSelectView.swift in Sources */ = {isa = PBXBuildFile; fileRef = 4D6119692D75EFC900715B9E /* EducationSelectView.swift */; };
		4D6D185B2D63408F00698E5D /* Color+Ext.swift in Sources */ = {isa = PBXBuildFile; fileRef = 4D6D185A2D63408F00698E5D /* Color+Ext.swift */; };
		4D6D18622D63432200698E5D /* Moneygraphy-Pixel.ttf in Resources */ = {isa = PBXBuildFile; fileRef = 4D6D18602D63432200698E5D /* Moneygraphy-Pixel.ttf */; };
		4D6D18632D63432200698E5D /* Moneygraphy-Rounded.ttf in Resources */ = {isa = PBXBuildFile; fileRef = 4D6D18612D63432200698E5D /* Moneygraphy-Rounded.ttf */; };
		4D6D18662D63433600698E5D /* Moneygraphy-Rounded.otf in Resources */ = {isa = PBXBuildFile; fileRef = 4D6D18642D63433600698E5D /* Moneygraphy-Rounded.otf */; };
		4D6D18672D63433600698E5D /* Moneygraphy-Pixel.otf in Resources */ = {isa = PBXBuildFile; fileRef = 4D6D18652D63433600698E5D /* Moneygraphy-Pixel.otf */; };
		4D6D186A2D6343B600698E5D /* Font+Ext.swift in Sources */ = {isa = PBXBuildFile; fileRef = 4D6D18692D6343B600698E5D /* Font+Ext.swift */; };
		4D6D186C2D6353E600698E5D /* Service.swift in Sources */ = {isa = PBXBuildFile; fileRef = 4D6D186B2D6353E600698E5D /* Service.swift */; };
		4D6D186E2D63540900698E5D /* Path.swift in Sources */ = {isa = PBXBuildFile; fileRef = 4D6D186D2D63540900698E5D /* Path.swift */; };
		4D6D18702D63564000698E5D /* NavigationProtocol.swift in Sources */ = {isa = PBXBuildFile; fileRef = 4D6D186F2D63564000698E5D /* NavigationProtocol.swift */; };
		4D6D18722D63568000698E5D /* Navigation.swift in Sources */ = {isa = PBXBuildFile; fileRef = 4D6D18712D63568000698E5D /* Navigation.swift */; };
		4D6D18772D6358A700698E5D /* NetworkManager.swift in Sources */ = {isa = PBXBuildFile; fileRef = 4D6D18762D6358A700698E5D /* NetworkManager.swift */; };
		4D6D18792D6358C700698E5D /* APIManager.swift in Sources */ = {isa = PBXBuildFile; fileRef = 4D6D18782D6358C700698E5D /* APIManager.swift */; };
		4D6D187B2D6358EE00698E5D /* Error.swift in Sources */ = {isa = PBXBuildFile; fileRef = 4D6D187A2D6358EE00698E5D /* Error.swift */; };
		4D6D18802D635A7C00698E5D /* GenderSelectView.swift in Sources */ = {isa = PBXBuildFile; fileRef = 4D6D187F2D635A7C00698E5D /* GenderSelectView.swift */; };
		4D6D18822D637EAF00698E5D /* CustomPicker.swift in Sources */ = {isa = PBXBuildFile; fileRef = 4D6D18812D637EAF00698E5D /* CustomPicker.swift */; };
		4D8FBF862D75972F0065BDA4 /* CustomProgressBar.swift in Sources */ = {isa = PBXBuildFile; fileRef = 4D8FBF852D75972F0065BDA4 /* CustomProgressBar.swift */; };
		4D909AA42E0D8A5D00F19AD0 /* MessageComponent.swift in Sources */ = {isa = PBXBuildFile; fileRef = 4D909AA32E0D8A5D00F19AD0 /* MessageComponent.swift */; };
		4D909AA72E12C23900F19AD0 /* SettingAndEditView.swift in Sources */ = {isa = PBXBuildFile; fileRef = 4D909AA62E12C23900F19AD0 /* SettingAndEditView.swift */; };
		4D95FACF2D5A1DED00D0E4D7 /* Dating_SideApp.swift in Sources */ = {isa = PBXBuildFile; fileRef = 4D95FACE2D5A1DED00D0E4D7 /* Dating_SideApp.swift */; };
		4D95FAD12D5A1DED00D0E4D7 /* ContentView.swift in Sources */ = {isa = PBXBuildFile; fileRef = 4D95FAD02D5A1DED00D0E4D7 /* ContentView.swift */; };
		4D95FAD32D5A1DEE00D0E4D7 /* Assets.xcassets in Resources */ = {isa = PBXBuildFile; fileRef = 4D95FAD22D5A1DEE00D0E4D7 /* Assets.xcassets */; };
		4D95FAD62D5A1DEE00D0E4D7 /* Preview Assets.xcassets in Resources */ = {isa = PBXBuildFile; fileRef = 4D95FAD52D5A1DEE00D0E4D7 /* Preview Assets.xcassets */; };
		4D95FAE02D5A1DEF00D0E4D7 /* Dating_SideTests.swift in Sources */ = {isa = PBXBuildFile; fileRef = 4D95FADF2D5A1DEF00D0E4D7 /* Dating_SideTests.swift */; };
		4D95FAEA2D5A1DEF00D0E4D7 /* Dating_SideUITests.swift in Sources */ = {isa = PBXBuildFile; fileRef = 4D95FAE92D5A1DEF00D0E4D7 /* Dating_SideUITests.swift */; };
		4D95FAEC2D5A1DEF00D0E4D7 /* Dating_SideUITestsLaunchTests.swift in Sources */ = {isa = PBXBuildFile; fileRef = 4D95FAEB2D5A1DEF00D0E4D7 /* Dating_SideUITestsLaunchTests.swift */; };
		4D95FAF92D5A255E00D0E4D7 /* SelectButtonLabel.swift in Sources */ = {isa = PBXBuildFile; fileRef = 4D95FAF82D5A255E00D0E4D7 /* SelectButtonLabel.swift */; };
		4DB5827B2DDB4F87001952D0 /* ChatProfileAddImageView.swift in Sources */ = {isa = PBXBuildFile; fileRef = 4DB5827A2DDB4F87001952D0 /* ChatProfileAddImageView.swift */; };
		4DB5827D2DDB5B86001952D0 /* ProfileView.swift in Sources */ = {isa = PBXBuildFile; fileRef = 4DB5827C2DDB5B86001952D0 /* ProfileView.swift */; };
		4DB5B3132D9036D10060D4C6 /* SchoolNameInputView.swift in Sources */ = {isa = PBXBuildFile; fileRef = 4DB5B3122D9036D10060D4C6 /* SchoolNameInputView.swift */; };
		4DB5B3152D903B220060D4C6 /* JobSelectView.swift in Sources */ = {isa = PBXBuildFile; fileRef = 4DB5B3142D903B220060D4C6 /* JobSelectView.swift */; };
		4DB5B3172D903D600060D4C6 /* JobDetailInputView.swift in Sources */ = {isa = PBXBuildFile; fileRef = 4DB5B3162D903D600060D4C6 /* JobDetailInputView.swift */; };
		4DB5B3192D9045AF0060D4C6 /* CustomAlert.swift in Sources */ = {isa = PBXBuildFile; fileRef = 4DB5B3182D9045AF0060D4C6 /* CustomAlert.swift */; };
		4DCB1A662D759FF300676BCE /* Global.swift in Sources */ = {isa = PBXBuildFile; fileRef = 4DCB1A652D759FF300676BCE /* Global.swift */; };
		4DCB1A682D75A14700676BCE /* UserProfileField.swift in Sources */ = {isa = PBXBuildFile; fileRef = 4DCB1A672D75A14700676BCE /* UserProfileField.swift */; };
		4DCB70582DA80C10006C120C /* OneDigitTextField.swift in Sources */ = {isa = PBXBuildFile; fileRef = 4DCB70572DA80C10006C120C /* OneDigitTextField.swift */; };
		4DD577542D7EBB4E001B0ED5 /* SusceptibleInfoView.swift in Sources */ = {isa = PBXBuildFile; fileRef = 4DD577532D7EBB4E001B0ED5 /* SusceptibleInfoView.swift */; };
		4DD577562D7EC5A8001B0ED5 /* LoginField.swift in Sources */ = {isa = PBXBuildFile; fileRef = 4DD577552D7EC5A8001B0ED5 /* LoginField.swift */; };
		4DD577582D7EC638001B0ED5 /* LoginViewModel.swift in Sources */ = {isa = PBXBuildFile; fileRef = 4DD577572D7EC638001B0ED5 /* LoginViewModel.swift */; };
		4DDF23642E0C29CB006A0096 /* ChatingView.swift in Sources */ = {isa = PBXBuildFile; fileRef = 4DDF23632E0C29CB006A0096 /* ChatingView.swift */; };
		4DEB5A6D2E0AD412009BE55B /* CoupleMatchingView.swift in Sources */ = {isa = PBXBuildFile; fileRef = 4DEB5A6C2E0AD412009BE55B /* CoupleMatchingView.swift */; };
		4DEB5A6F2E0AD56D009BE55B /* Message.swift in Sources */ = {isa = PBXBuildFile; fileRef = 4DEB5A6E2E0AD56D009BE55B /* Message.swift */; };
		4DEB5A712E0ADACB009BE55B /* Date+Ext.swift in Sources */ = {isa = PBXBuildFile; fileRef = 4DEB5A702E0ADACB009BE55B /* Date+Ext.swift */; };
		4DF329D92D87157F00DBB823 /* CustomRounedGradientProgressBar.swift in Sources */ = {isa = PBXBuildFile; fileRef = 4DF329D82D87157F00DBB823 /* CustomRounedGradientProgressBar.swift */; };
		4DF329DB2D87170300DBB823 /* NicknameInputView.swift in Sources */ = {isa = PBXBuildFile; fileRef = 4DF329DA2D87170300DBB823 /* NicknameInputView.swift */; };
		4DF329DD2D87182600DBB823 /* BottomBorderViewModifier.swift in Sources */ = {isa = PBXBuildFile; fileRef = 4DF329DC2D87182600DBB823 /* BottomBorderViewModifier.swift */; };
		4DF329DF2D871A3D00DBB823 /* BirthInputView.swift in Sources */ = {isa = PBXBuildFile; fileRef = 4DF329DE2D871A3D00DBB823 /* BirthInputView.swift */; };
		4DF329E12D87236500DBB823 /* HeightInputView.swift in Sources */ = {isa = PBXBuildFile; fileRef = 4DF329E02D87236500DBB823 /* HeightInputView.swift */; };
		4DF329E52D87E9C700DBB823 /* TextWithColoredSubString.swift in Sources */ = {isa = PBXBuildFile; fileRef = 4DF329E42D87E9C700DBB823 /* TextWithColoredSubString.swift */; };
		4DF329E72D87EAE100DBB823 /* WelcomeText.swift in Sources */ = {isa = PBXBuildFile; fileRef = 4DF329E62D87EAE100DBB823 /* WelcomeText.swift */; };
		4DF329E92D87ED5300DBB823 /* LoginCotainerView.swift in Sources */ = {isa = PBXBuildFile; fileRef = 4DF329E82D87ED5300DBB823 /* LoginCotainerView.swift */; };
		4DF329EC2D87EEE200DBB823 /* VerificationNumber.swift in Sources */ = {isa = PBXBuildFile; fileRef = 4DF329EB2D87EEE200DBB823 /* VerificationNumber.swift */; };
		4DF855752DFEE5AF00D429F6 /* MatchingCompleteView.swift in Sources */ = {isa = PBXBuildFile; fileRef = 4DF855742DFEE5AF00D429F6 /* MatchingCompleteView.swift */; };
		4DF855772DFEEF6B00D429F6 /* BottomSheet.swift in Sources */ = {isa = PBXBuildFile; fileRef = 4DF855762DFEEF6B00D429F6 /* BottomSheet.swift */; };
		4DF855792DFF03C200D429F6 /* MatchingFailView.swift in Sources */ = {isa = PBXBuildFile; fileRef = 4DF855782DFF03C200D429F6 /* MatchingFailView.swift */; };
		4DF8557B2DFF04D200D429F6 /* ProfileMiniView.swift in Sources */ = {isa = PBXBuildFile; fileRef = 4DF8557A2DFF04D200D429F6 /* ProfileMiniView.swift */; };
		4DF8557F2DFF0C4300D429F6 /* secondMathcingView.swift in Sources */ = {isa = PBXBuildFile; fileRef = 4DF8557E2DFF0C4300D429F6 /* secondMathcingView.swift */; };
		4DFAFB932E12C7D7006E3B5F /* ArrowNextRow.swift in Sources */ = {isa = PBXBuildFile; fileRef = 4DFAFB922E12C7D7006E3B5F /* ArrowNextRow.swift */; };
		4DFAFB952E12C884006E3B5F /* ProflieEditView.swift in Sources */ = {isa = PBXBuildFile; fileRef = 4DFAFB942E12C884006E3B5F /* ProflieEditView.swift */; };
		4DFAFB972E12CB63006E3B5F /* AccoutView.swift in Sources */ = {isa = PBXBuildFile; fileRef = 4DFAFB962E12CB63006E3B5F /* AccoutView.swift */; };
/* End PBXBuildFile section */

/* Begin PBXContainerItemProxy section */
		4D95FADC2D5A1DEF00D0E4D7 /* PBXContainerItemProxy */ = {
			isa = PBXContainerItemProxy;
			containerPortal = 4D95FAC32D5A1DED00D0E4D7 /* Project object */;
			proxyType = 1;
			remoteGlobalIDString = 4D95FACA2D5A1DED00D0E4D7;
			remoteInfo = Dating_Side;
		};
		4D95FAE62D5A1DEF00D0E4D7 /* PBXContainerItemProxy */ = {
			isa = PBXContainerItemProxy;
			containerPortal = 4D95FAC32D5A1DED00D0E4D7 /* Project object */;
			proxyType = 1;
			remoteGlobalIDString = 4D95FACA2D5A1DED00D0E4D7;
			remoteInfo = Dating_Side;
		};
/* End PBXContainerItemProxy section */

/* Begin PBXFileReference section */
		4D0122A02DEC812E003E72B0 /* MathcingView.swift */ = {isa = PBXFileReference; lastKnownFileType = sourcecode.swift; path = MathcingView.swift; sourceTree = "<group>"; };
		4D0122A42DEC90B4003E72B0 /* WriteAnswerView.swift */ = {isa = PBXFileReference; lastKnownFileType = sourcecode.swift; path = WriteAnswerView.swift; sourceTree = "<group>"; };
		4D0B3BE22DA6B05D006206F1 /* LoginNetworkManager.swift */ = {isa = PBXFileReference; lastKnownFileType = sourcecode.swift; path = LoginNetworkManager.swift; sourceTree = "<group>"; };
		4D0B3BE42DA6B47F006206F1 /* Login.swift */ = {isa = PBXFileReference; lastKnownFileType = sourcecode.swift; path = Login.swift; sourceTree = "<group>"; };
		4D0B3BE62DA6B957006206F1 /* LoginView.swift */ = {isa = PBXFileReference; lastKnownFileType = sourcecode.swift; path = LoginView.swift; sourceTree = "<group>"; };
		4D2AB0072DB6705E00A4C73B /* GenericDigitTextField.swift */ = {isa = PBXFileReference; fileEncoding = 4; lastKnownFileType = sourcecode.swift; path = GenericDigitTextField.swift; sourceTree = "<group>"; };
		4D33EA182E0995B600B2661B /* ChatListViewModel.swift */ = {isa = PBXFileReference; lastKnownFileType = sourcecode.swift; path = ChatListViewModel.swift; sourceTree = "<group>"; };
		4D3AD6E32DE4A83100436A4B /* ValuesListView.swift */ = {isa = PBXFileReference; lastKnownFileType = sourcecode.swift; path = ValuesListView.swift; sourceTree = "<group>"; };
		4D3AD6E52DE4A99B00436A4B /* ProflieViewModel.swift */ = {isa = PBXFileReference; lastKnownFileType = sourcecode.swift; path = ProflieViewModel.swift; sourceTree = "<group>"; };
		4D3AD6E72DE4AA2600436A4B /* Profile.swift */ = {isa = PBXFileReference; lastKnownFileType = sourcecode.swift; path = Profile.swift; sourceTree = "<group>"; };
		4D40568D2D64B65300F95ACF /* LocationSelectView.swift */ = {isa = PBXFileReference; lastKnownFileType = sourcecode.swift; path = LocationSelectView.swift; sourceTree = "<group>"; };
		4D40568F2D64D20800F95ACF /* LoveKeywordSelectView.swift */ = {isa = PBXFileReference; lastKnownFileType = sourcecode.swift; path = LoveKeywordSelectView.swift; sourceTree = "<group>"; };
		4D4056912D66160500F95ACF /* UserProfileInputView.swift */ = {isa = PBXFileReference; lastKnownFileType = sourcecode.swift; path = UserProfileInputView.swift; sourceTree = "<group>"; };
		4D443B9A2DCB85C600F4B9EB /* OnboardingNetworkManager.swift */ = {isa = PBXFileReference; lastKnownFileType = sourcecode.swift; path = OnboardingNetworkManager.swift; sourceTree = "<group>"; };
		4D443B9C2DCB8B5F00F4B9EB /* Methods.swift */ = {isa = PBXFileReference; lastKnownFileType = sourcecode.swift; path = Methods.swift; sourceTree = "<group>"; };
		4D443BA12DCB954F00F4B9EB /* ChatProfileImageView.swift */ = {isa = PBXFileReference; lastKnownFileType = sourcecode.swift; path = ChatProfileImageView.swift; sourceTree = "<group>"; };
		4D443BA32DCB957C00F4B9EB /* ImageOnboardingViewModel.swift */ = {isa = PBXFileReference; lastKnownFileType = sourcecode.swift; path = ImageOnboardingViewModel.swift; sourceTree = "<group>"; };
		4D443BA62DCBA34000F4B9EB /* Onboarding.swift */ = {isa = PBXFileReference; lastKnownFileType = sourcecode.swift; path = Onboarding.swift; sourceTree = "<group>"; };
		4D443BA82DCBAB6A00F4B9EB /* Codable+Ext.swift */ = {isa = PBXFileReference; lastKnownFileType = sourcecode.swift; path = "Codable+Ext.swift"; sourceTree = "<group>"; };
		4D443BAA2DCCE15F00F4B9EB /* KeychainManager.swift */ = {isa = PBXFileReference; lastKnownFileType = sourcecode.swift; path = KeychainManager.swift; sourceTree = "<group>"; };
		4D61194F2D75AA2900715B9E /* BirthTextField.swift */ = {isa = PBXFileReference; lastKnownFileType = sourcecode.swift; path = BirthTextField.swift; sourceTree = "<group>"; };
		4D6119512D75AA8700715B9E /* UnitLabel.swift */ = {isa = PBXFileReference; lastKnownFileType = sourcecode.swift; path = UnitLabel.swift; sourceTree = "<group>"; };
		4D6119532D75B0EB00715B9E /* AppState.swift */ = {isa = PBXFileReference; lastKnownFileType = sourcecode.swift; path = AppState.swift; sourceTree = "<group>"; };
		4D6119562D75B20B00715B9E /* ChatListView.swift */ = {isa = PBXFileReference; lastKnownFileType = sourcecode.swift; path = ChatListView.swift; sourceTree = "<group>"; };
		4D6119582D75B21E00715B9E /* SettingView.swift */ = {isa = PBXFileReference; lastKnownFileType = sourcecode.swift; path = SettingView.swift; sourceTree = "<group>"; };
		4D61195A2D75B24300715B9E /* MainContainerView.swift */ = {isa = PBXFileReference; lastKnownFileType = sourcecode.swift; path = MainContainerView.swift; sourceTree = "<group>"; };
		4D61195C2D75B2A300715B9E /* OnboardingContainerView.swift */ = {isa = PBXFileReference; lastKnownFileType = sourcecode.swift; path = OnboardingContainerView.swift; sourceTree = "<group>"; };
		4D61195E2D75B2F500715B9E /* PhoneNumberView.swift */ = {isa = PBXFileReference; lastKnownFileType = sourcecode.swift; path = PhoneNumberView.swift; sourceTree = "<group>"; };
		4D6119612D75CC9100715B9E /* OnboardingViewModel.swift */ = {isa = PBXFileReference; lastKnownFileType = sourcecode.swift; path = OnboardingViewModel.swift; sourceTree = "<group>"; };
		4D6119692D75EFC900715B9E /* EducationSelectView.swift */ = {isa = PBXFileReference; lastKnownFileType = sourcecode.swift; path = EducationSelectView.swift; sourceTree = "<group>"; };
		4D6D185A2D63408F00698E5D /* Color+Ext.swift */ = {isa = PBXFileReference; lastKnownFileType = sourcecode.swift; path = "Color+Ext.swift"; sourceTree = "<group>"; };
		4D6D18602D63432200698E5D /* Moneygraphy-Pixel.ttf */ = {isa = PBXFileReference; lastKnownFileType = file; path = "Moneygraphy-Pixel.ttf"; sourceTree = "<group>"; };
		4D6D18612D63432200698E5D /* Moneygraphy-Rounded.ttf */ = {isa = PBXFileReference; lastKnownFileType = file; path = "Moneygraphy-Rounded.ttf"; sourceTree = "<group>"; };
		4D6D18642D63433600698E5D /* Moneygraphy-Rounded.otf */ = {isa = PBXFileReference; lastKnownFileType = file; path = "Moneygraphy-Rounded.otf"; sourceTree = "<group>"; };
		4D6D18652D63433600698E5D /* Moneygraphy-Pixel.otf */ = {isa = PBXFileReference; lastKnownFileType = file; path = "Moneygraphy-Pixel.otf"; sourceTree = "<group>"; };
		4D6D18682D63436700698E5D /* Dating-Side-Info.plist */ = {isa = PBXFileReference; lastKnownFileType = text.plist; path = "Dating-Side-Info.plist"; sourceTree = SOURCE_ROOT; };
		4D6D18692D6343B600698E5D /* Font+Ext.swift */ = {isa = PBXFileReference; lastKnownFileType = sourcecode.swift; path = "Font+Ext.swift"; sourceTree = "<group>"; };
		4D6D186B2D6353E600698E5D /* Service.swift */ = {isa = PBXFileReference; lastKnownFileType = sourcecode.swift; path = Service.swift; sourceTree = "<group>"; };
		4D6D186D2D63540900698E5D /* Path.swift */ = {isa = PBXFileReference; lastKnownFileType = sourcecode.swift; path = Path.swift; sourceTree = "<group>"; };
		4D6D186F2D63564000698E5D /* NavigationProtocol.swift */ = {isa = PBXFileReference; lastKnownFileType = sourcecode.swift; path = NavigationProtocol.swift; sourceTree = "<group>"; };
		4D6D18712D63568000698E5D /* Navigation.swift */ = {isa = PBXFileReference; lastKnownFileType = sourcecode.swift; path = Navigation.swift; sourceTree = "<group>"; };
		4D6D18762D6358A700698E5D /* NetworkManager.swift */ = {isa = PBXFileReference; lastKnownFileType = sourcecode.swift; path = NetworkManager.swift; sourceTree = "<group>"; };
		4D6D18782D6358C700698E5D /* APIManager.swift */ = {isa = PBXFileReference; lastKnownFileType = sourcecode.swift; path = APIManager.swift; sourceTree = "<group>"; };
		4D6D187A2D6358EE00698E5D /* Error.swift */ = {isa = PBXFileReference; lastKnownFileType = sourcecode.swift; path = Error.swift; sourceTree = "<group>"; };
		4D6D187F2D635A7C00698E5D /* GenderSelectView.swift */ = {isa = PBXFileReference; lastKnownFileType = sourcecode.swift; path = GenderSelectView.swift; sourceTree = "<group>"; };
		4D6D18812D637EAF00698E5D /* CustomPicker.swift */ = {isa = PBXFileReference; lastKnownFileType = sourcecode.swift; path = CustomPicker.swift; sourceTree = "<group>"; };
		4D8FBF852D75972F0065BDA4 /* CustomProgressBar.swift */ = {isa = PBXFileReference; lastKnownFileType = sourcecode.swift; path = CustomProgressBar.swift; sourceTree = "<group>"; };
		4D909AA32E0D8A5D00F19AD0 /* MessageComponent.swift */ = {isa = PBXFileReference; lastKnownFileType = sourcecode.swift; path = MessageComponent.swift; sourceTree = "<group>"; };
		4D909AA62E12C23900F19AD0 /* SettingAndEditView.swift */ = {isa = PBXFileReference; lastKnownFileType = sourcecode.swift; path = SettingAndEditView.swift; sourceTree = "<group>"; };
		4D95FACB2D5A1DED00D0E4D7 /* Dating_Side.app */ = {isa = PBXFileReference; explicitFileType = wrapper.application; includeInIndex = 0; path = Dating_Side.app; sourceTree = BUILT_PRODUCTS_DIR; };
		4D95FACE2D5A1DED00D0E4D7 /* Dating_SideApp.swift */ = {isa = PBXFileReference; lastKnownFileType = sourcecode.swift; path = Dating_SideApp.swift; sourceTree = "<group>"; };
		4D95FAD02D5A1DED00D0E4D7 /* ContentView.swift */ = {isa = PBXFileReference; lastKnownFileType = sourcecode.swift; path = ContentView.swift; sourceTree = "<group>"; };
		4D95FAD22D5A1DEE00D0E4D7 /* Assets.xcassets */ = {isa = PBXFileReference; lastKnownFileType = folder.assetcatalog; path = Assets.xcassets; sourceTree = "<group>"; };
		4D95FAD52D5A1DEE00D0E4D7 /* Preview Assets.xcassets */ = {isa = PBXFileReference; lastKnownFileType = folder.assetcatalog; path = "Preview Assets.xcassets"; sourceTree = "<group>"; };
		4D95FADB2D5A1DEF00D0E4D7 /* Dating_SideTests.xctest */ = {isa = PBXFileReference; explicitFileType = wrapper.cfbundle; includeInIndex = 0; path = Dating_SideTests.xctest; sourceTree = BUILT_PRODUCTS_DIR; };
		4D95FADF2D5A1DEF00D0E4D7 /* Dating_SideTests.swift */ = {isa = PBXFileReference; lastKnownFileType = sourcecode.swift; path = Dating_SideTests.swift; sourceTree = "<group>"; };
		4D95FAE52D5A1DEF00D0E4D7 /* Dating_SideUITests.xctest */ = {isa = PBXFileReference; explicitFileType = wrapper.cfbundle; includeInIndex = 0; path = Dating_SideUITests.xctest; sourceTree = BUILT_PRODUCTS_DIR; };
		4D95FAE92D5A1DEF00D0E4D7 /* Dating_SideUITests.swift */ = {isa = PBXFileReference; lastKnownFileType = sourcecode.swift; path = Dating_SideUITests.swift; sourceTree = "<group>"; };
		4D95FAEB2D5A1DEF00D0E4D7 /* Dating_SideUITestsLaunchTests.swift */ = {isa = PBXFileReference; lastKnownFileType = sourcecode.swift; path = Dating_SideUITestsLaunchTests.swift; sourceTree = "<group>"; };
		4D95FAF82D5A255E00D0E4D7 /* SelectButtonLabel.swift */ = {isa = PBXFileReference; lastKnownFileType = sourcecode.swift; path = SelectButtonLabel.swift; sourceTree = "<group>"; };
		4DB5827A2DDB4F87001952D0 /* ChatProfileAddImageView.swift */ = {isa = PBXFileReference; lastKnownFileType = sourcecode.swift; path = ChatProfileAddImageView.swift; sourceTree = "<group>"; };
		4DB5827C2DDB5B86001952D0 /* ProfileView.swift */ = {isa = PBXFileReference; lastKnownFileType = sourcecode.swift; path = ProfileView.swift; sourceTree = "<group>"; };
		4DB5B3122D9036D10060D4C6 /* SchoolNameInputView.swift */ = {isa = PBXFileReference; lastKnownFileType = sourcecode.swift; path = SchoolNameInputView.swift; sourceTree = "<group>"; };
		4DB5B3142D903B220060D4C6 /* JobSelectView.swift */ = {isa = PBXFileReference; lastKnownFileType = sourcecode.swift; path = JobSelectView.swift; sourceTree = "<group>"; };
		4DB5B3162D903D600060D4C6 /* JobDetailInputView.swift */ = {isa = PBXFileReference; lastKnownFileType = sourcecode.swift; path = JobDetailInputView.swift; sourceTree = "<group>"; };
		4DB5B3182D9045AF0060D4C6 /* CustomAlert.swift */ = {isa = PBXFileReference; lastKnownFileType = sourcecode.swift; path = CustomAlert.swift; sourceTree = "<group>"; };
		4DCB1A652D759FF300676BCE /* Global.swift */ = {isa = PBXFileReference; lastKnownFileType = sourcecode.swift; path = Global.swift; sourceTree = "<group>"; };
		4DCB1A672D75A14700676BCE /* UserProfileField.swift */ = {isa = PBXFileReference; lastKnownFileType = sourcecode.swift; path = UserProfileField.swift; sourceTree = "<group>"; };
		4DCB70572DA80C10006C120C /* OneDigitTextField.swift */ = {isa = PBXFileReference; lastKnownFileType = sourcecode.swift; path = OneDigitTextField.swift; sourceTree = "<group>"; };
		4DD577532D7EBB4E001B0ED5 /* SusceptibleInfoView.swift */ = {isa = PBXFileReference; lastKnownFileType = sourcecode.swift; path = SusceptibleInfoView.swift; sourceTree = "<group>"; };
		4DD577552D7EC5A8001B0ED5 /* LoginField.swift */ = {isa = PBXFileReference; lastKnownFileType = sourcecode.swift; path = LoginField.swift; sourceTree = "<group>"; };
		4DD577572D7EC638001B0ED5 /* LoginViewModel.swift */ = {isa = PBXFileReference; lastKnownFileType = sourcecode.swift; path = LoginViewModel.swift; sourceTree = "<group>"; };
		4DDF23632E0C29CB006A0096 /* ChatingView.swift */ = {isa = PBXFileReference; lastKnownFileType = sourcecode.swift; path = ChatingView.swift; sourceTree = "<group>"; };
		4DEB5A6C2E0AD412009BE55B /* CoupleMatchingView.swift */ = {isa = PBXFileReference; lastKnownFileType = sourcecode.swift; path = CoupleMatchingView.swift; sourceTree = "<group>"; };
		4DEB5A6E2E0AD56D009BE55B /* Message.swift */ = {isa = PBXFileReference; lastKnownFileType = sourcecode.swift; path = Message.swift; sourceTree = "<group>"; };
		4DEB5A702E0ADACB009BE55B /* Date+Ext.swift */ = {isa = PBXFileReference; lastKnownFileType = sourcecode.swift; path = "Date+Ext.swift"; sourceTree = "<group>"; };
		4DF329D82D87157F00DBB823 /* CustomRounedGradientProgressBar.swift */ = {isa = PBXFileReference; lastKnownFileType = sourcecode.swift; path = CustomRounedGradientProgressBar.swift; sourceTree = "<group>"; };
		4DF329DA2D87170300DBB823 /* NicknameInputView.swift */ = {isa = PBXFileReference; lastKnownFileType = sourcecode.swift; path = NicknameInputView.swift; sourceTree = "<group>"; };
		4DF329DC2D87182600DBB823 /* BottomBorderViewModifier.swift */ = {isa = PBXFileReference; lastKnownFileType = sourcecode.swift; path = BottomBorderViewModifier.swift; sourceTree = "<group>"; };
		4DF329DE2D871A3D00DBB823 /* BirthInputView.swift */ = {isa = PBXFileReference; lastKnownFileType = sourcecode.swift; path = BirthInputView.swift; sourceTree = "<group>"; };
		4DF329E02D87236500DBB823 /* HeightInputView.swift */ = {isa = PBXFileReference; lastKnownFileType = sourcecode.swift; path = HeightInputView.swift; sourceTree = "<group>"; };
		4DF329E42D87E9C700DBB823 /* TextWithColoredSubString.swift */ = {isa = PBXFileReference; lastKnownFileType = sourcecode.swift; path = TextWithColoredSubString.swift; sourceTree = "<group>"; };
		4DF329E62D87EAE100DBB823 /* WelcomeText.swift */ = {isa = PBXFileReference; lastKnownFileType = sourcecode.swift; path = WelcomeText.swift; sourceTree = "<group>"; };
		4DF329E82D87ED5300DBB823 /* LoginCotainerView.swift */ = {isa = PBXFileReference; lastKnownFileType = sourcecode.swift; path = LoginCotainerView.swift; sourceTree = "<group>"; };
		4DF329EB2D87EEE200DBB823 /* VerificationNumber.swift */ = {isa = PBXFileReference; lastKnownFileType = sourcecode.swift; path = VerificationNumber.swift; sourceTree = "<group>"; };
		4DF855732DF71D1E00D429F6 /* Dating_Side.entitlements */ = {isa = PBXFileReference; lastKnownFileType = text.plist.entitlements; path = Dating_Side.entitlements; sourceTree = "<group>"; };
		4DF855742DFEE5AF00D429F6 /* MatchingCompleteView.swift */ = {isa = PBXFileReference; lastKnownFileType = sourcecode.swift; path = MatchingCompleteView.swift; sourceTree = "<group>"; };
		4DF855762DFEEF6B00D429F6 /* BottomSheet.swift */ = {isa = PBXFileReference; lastKnownFileType = sourcecode.swift; path = BottomSheet.swift; sourceTree = "<group>"; };
		4DF855782DFF03C200D429F6 /* MatchingFailView.swift */ = {isa = PBXFileReference; lastKnownFileType = sourcecode.swift; path = MatchingFailView.swift; sourceTree = "<group>"; };
		4DF8557A2DFF04D200D429F6 /* ProfileMiniView.swift */ = {isa = PBXFileReference; lastKnownFileType = sourcecode.swift; path = ProfileMiniView.swift; sourceTree = "<group>"; };
		4DF8557E2DFF0C4300D429F6 /* secondMathcingView.swift */ = {isa = PBXFileReference; lastKnownFileType = sourcecode.swift; path = secondMathcingView.swift; sourceTree = "<group>"; };
		4DFAFB922E12C7D7006E3B5F /* ArrowNextRow.swift */ = {isa = PBXFileReference; lastKnownFileType = sourcecode.swift; path = ArrowNextRow.swift; sourceTree = "<group>"; };
		4DFAFB942E12C884006E3B5F /* ProflieEditView.swift */ = {isa = PBXFileReference; lastKnownFileType = sourcecode.swift; path = ProflieEditView.swift; sourceTree = "<group>"; };
		4DFAFB962E12CB63006E3B5F /* AccoutView.swift */ = {isa = PBXFileReference; lastKnownFileType = sourcecode.swift; path = AccoutView.swift; sourceTree = "<group>"; };
/* End PBXFileReference section */

/* Begin PBXFrameworksBuildPhase section */
		4D95FAC82D5A1DED00D0E4D7 /* Frameworks */ = {
			isa = PBXFrameworksBuildPhase;
			buildActionMask = 2147483647;
			files = (
				4D33EA172E09720100B2661B /* Kingfisher in Frameworks */,
			);
			runOnlyForDeploymentPostprocessing = 0;
		};
		4D95FAD82D5A1DEF00D0E4D7 /* Frameworks */ = {
			isa = PBXFrameworksBuildPhase;
			buildActionMask = 2147483647;
			files = (
			);
			runOnlyForDeploymentPostprocessing = 0;
		};
		4D95FAE22D5A1DEF00D0E4D7 /* Frameworks */ = {
			isa = PBXFrameworksBuildPhase;
			buildActionMask = 2147483647;
			files = (
			);
			runOnlyForDeploymentPostprocessing = 0;
		};
/* End PBXFrameworksBuildPhase section */

/* Begin PBXGroup section */
		4D443B9E2DCB93BA00F4B9EB /* ImageOnboarding */ = {
			isa = PBXGroup;
			children = (
				4D443BA12DCB954F00F4B9EB /* ChatProfileImageView.swift */,
				4DB5827A2DDB4F87001952D0 /* ChatProfileAddImageView.swift */,
			);
			path = ImageOnboarding;
			sourceTree = "<group>";
		};
		4D6119552D75B1FE00715B9E /* Main */ = {
			isa = PBXGroup;
			children = (
				4DEB5A742E0C296C009BE55B /* Component */,
				4DEB5A732E0C294B009BE55B /* Mypage */,
				4DEB5A722E0C2929009BE55B /* Matching */,
				4DDF23632E0C29CB006A0096 /* ChatingView.swift */,
				4D909AA32E0D8A5D00F19AD0 /* MessageComponent.swift */,
			);
			path = Main;
			sourceTree = "<group>";
		};
		4D6119602D75CC8000715B9E /* ViewModel */ = {
			isa = PBXGroup;
			children = (
				4D6119612D75CC9100715B9E /* OnboardingViewModel.swift */,
				4DD577572D7EC638001B0ED5 /* LoginViewModel.swift */,
				4D0B3BE22DA6B05D006206F1 /* LoginNetworkManager.swift */,
				4D443B9A2DCB85C600F4B9EB /* OnboardingNetworkManager.swift */,
				4D443BA32DCB957C00F4B9EB /* ImageOnboardingViewModel.swift */,
				4D3AD6E52DE4A99B00436A4B /* ProflieViewModel.swift */,
				4D33EA182E0995B600B2661B /* ChatListViewModel.swift */,
			);
			path = ViewModel;
			sourceTree = "<group>";
		};
		4D6119652D75D90A00715B9E /* Component */ = {
			isa = PBXGroup;
			children = (
				4D61194F2D75AA2900715B9E /* BirthTextField.swift */,
				4D6119512D75AA8700715B9E /* UnitLabel.swift */,
				4DCB1A672D75A14700676BCE /* UserProfileField.swift */,
				4D6D18812D637EAF00698E5D /* CustomPicker.swift */,
				4D8FBF852D75972F0065BDA4 /* CustomProgressBar.swift */,
				4DF329D82D87157F00DBB823 /* CustomRounedGradientProgressBar.swift */,
				4DD577552D7EC5A8001B0ED5 /* LoginField.swift */,
				4DF329DC2D87182600DBB823 /* BottomBorderViewModifier.swift */,
				4DF329E42D87E9C700DBB823 /* TextWithColoredSubString.swift */,
				4DB5B3182D9045AF0060D4C6 /* CustomAlert.swift */,
				4DCB70572DA80C10006C120C /* OneDigitTextField.swift */,
				4D2AB0072DB6705E00A4C73B /* GenericDigitTextField.swift */,
			);
			path = Component;
			sourceTree = "<group>";
		};
		4D6119662D75D92100715B9E /* Container */ = {
			isa = PBXGroup;
			children = (
				4D61195C2D75B2A300715B9E /* OnboardingContainerView.swift */,
				4D61195A2D75B24300715B9E /* MainContainerView.swift */,
				4DF329E82D87ED5300DBB823 /* LoginCotainerView.swift */,
			);
			path = Container;
			sourceTree = "<group>";
		};
		4D6119672D75EF3C00715B9E /* DefaultInfo */ = {
			isa = PBXGroup;
			children = (
				4D6D187F2D635A7C00698E5D /* GenderSelectView.swift */,
				4D40568D2D64B65300F95ACF /* LocationSelectView.swift */,
				4D4056912D66160500F95ACF /* UserProfileInputView.swift */,
				4DF329DA2D87170300DBB823 /* NicknameInputView.swift */,
				4DF329DE2D871A3D00DBB823 /* BirthInputView.swift */,
				4DF329E62D87EAE100DBB823 /* WelcomeText.swift */,
				4DF329E02D87236500DBB823 /* HeightInputView.swift */,
				4D40568F2D64D20800F95ACF /* LoveKeywordSelectView.swift */,
			);
			path = DefaultInfo;
			sourceTree = "<group>";
		};
		4D6119682D75EF5500715B9E /* DetailInfo */ = {
			isa = PBXGroup;
			children = (
				4D6119692D75EFC900715B9E /* EducationSelectView.swift */,
				4DB5B3122D9036D10060D4C6 /* SchoolNameInputView.swift */,
				4DB5B3162D903D600060D4C6 /* JobDetailInputView.swift */,
				4DD577532D7EBB4E001B0ED5 /* SusceptibleInfoView.swift */,
				4DB5B3142D903B220060D4C6 /* JobSelectView.swift */,
			);
			path = DetailInfo;
			sourceTree = "<group>";
		};
		4D6D185C2D6342F100698E5D /* Resources */ = {
			isa = PBXGroup;
			children = (
				4D6D185D2D63430700698E5D /* Font */,
			);
			path = Resources;
			sourceTree = "<group>";
		};
		4D6D185D2D63430700698E5D /* Font */ = {
			isa = PBXGroup;
			children = (
				4D6D18652D63433600698E5D /* Moneygraphy-Pixel.otf */,
				4D6D18642D63433600698E5D /* Moneygraphy-Rounded.otf */,
				4D6D18602D63432200698E5D /* Moneygraphy-Pixel.ttf */,
				4D6D18612D63432200698E5D /* Moneygraphy-Rounded.ttf */,
			);
			path = Font;
			sourceTree = "<group>";
		};
		4D6D18732D63586200698E5D /* Datas */ = {
			isa = PBXGroup;
			children = (
				4D6D186D2D63540900698E5D /* Path.swift */,
				4D6D187A2D6358EE00698E5D /* Error.swift */,
				4DCB1A652D759FF300676BCE /* Global.swift */,
				4D0B3BE42DA6B47F006206F1 /* Login.swift */,
				4D443BA62DCBA34000F4B9EB /* Onboarding.swift */,
				4D3AD6E72DE4AA2600436A4B /* Profile.swift */,
				4DEB5A6E2E0AD56D009BE55B /* Message.swift */,
			);
			path = Datas;
			sourceTree = "<group>";
		};
		4D6D18742D63587400698E5D /* Utils */ = {
			isa = PBXGroup;
			children = (
				4D6D18712D63568000698E5D /* Navigation.swift */,
				4D6D186B2D6353E600698E5D /* Service.swift */,
				4D6D186F2D63564000698E5D /* NavigationProtocol.swift */,
				4D6119532D75B0EB00715B9E /* AppState.swift */,
				4D443B9C2DCB8B5F00F4B9EB /* Methods.swift */,
				4D443BAA2DCCE15F00F4B9EB /* KeychainManager.swift */,
			);
			path = Utils;
			sourceTree = "<group>";
		};
		4D6D18752D63589E00698E5D /* Network */ = {
			isa = PBXGroup;
			children = (
				4D6D18762D6358A700698E5D /* NetworkManager.swift */,
				4D6D18782D6358C700698E5D /* APIManager.swift */,
			);
			path = Network;
			sourceTree = "<group>";
		};
		4D6D187C2D63597B00698E5D /* Extensions */ = {
			isa = PBXGroup;
			children = (
				4D6D185A2D63408F00698E5D /* Color+Ext.swift */,
				4D6D18692D6343B600698E5D /* Font+Ext.swift */,
				4D443BA82DCBAB6A00F4B9EB /* Codable+Ext.swift */,
				4DEB5A702E0ADACB009BE55B /* Date+Ext.swift */,
			);
			path = Extensions;
			sourceTree = "<group>";
		};
		4D6D187D2D6359A300698E5D /* Views */ = {
			isa = PBXGroup;
			children = (
				4DF329EA2D87EEC900DBB823 /* Login */,
				4D6119662D75D92100715B9E /* Container */,
				4D6119552D75B1FE00715B9E /* Main */,
				4D6D187E2D6359AA00698E5D /* Onboarding */,
			);
			path = Views;
			sourceTree = "<group>";
		};
		4D6D187E2D6359AA00698E5D /* Onboarding */ = {
			isa = PBXGroup;
			children = (
				4D443B9E2DCB93BA00F4B9EB /* ImageOnboarding */,
				4D6119682D75EF5500715B9E /* DetailInfo */,
				4D6119672D75EF3C00715B9E /* DefaultInfo */,
				4D6119652D75D90A00715B9E /* Component */,
			);
			path = Onboarding;
			sourceTree = "<group>";
		};
		4D95FAC22D5A1DED00D0E4D7 = {
			isa = PBXGroup;
			children = (
				4D95FACD2D5A1DED00D0E4D7 /* Dating_Side */,
				4D95FADE2D5A1DEF00D0E4D7 /* Dating_SideTests */,
				4D95FAE82D5A1DEF00D0E4D7 /* Dating_SideUITests */,
				4D95FACC2D5A1DED00D0E4D7 /* Products */,
			);
			sourceTree = "<group>";
		};
		4D95FACC2D5A1DED00D0E4D7 /* Products */ = {
			isa = PBXGroup;
			children = (
				4D95FACB2D5A1DED00D0E4D7 /* Dating_Side.app */,
				4D95FADB2D5A1DEF00D0E4D7 /* Dating_SideTests.xctest */,
				4D95FAE52D5A1DEF00D0E4D7 /* Dating_SideUITests.xctest */,
			);
			name = Products;
			sourceTree = "<group>";
		};
		4D95FACD2D5A1DED00D0E4D7 /* Dating_Side */ = {
			isa = PBXGroup;
			children = (
				4DF855732DF71D1E00D429F6 /* Dating_Side.entitlements */,
				4D6119602D75CC8000715B9E /* ViewModel */,
				4D6D187D2D6359A300698E5D /* Views */,
				4D6D18682D63436700698E5D /* Dating-Side-Info.plist */,
				4D6D187C2D63597B00698E5D /* Extensions */,
				4D6D18752D63589E00698E5D /* Network */,
				4D6D18742D63587400698E5D /* Utils */,
				4D6D18732D63586200698E5D /* Datas */,
				4D6D185C2D6342F100698E5D /* Resources */,
				4D95FACE2D5A1DED00D0E4D7 /* Dating_SideApp.swift */,
				4D95FAD02D5A1DED00D0E4D7 /* ContentView.swift */,
				4D95FAF82D5A255E00D0E4D7 /* SelectButtonLabel.swift */,
				4D95FAD22D5A1DEE00D0E4D7 /* Assets.xcassets */,
				4D95FAD42D5A1DEE00D0E4D7 /* Preview Content */,
			);
			path = Dating_Side;
			sourceTree = "<group>";
		};
		4D95FAD42D5A1DEE00D0E4D7 /* Preview Content */ = {
			isa = PBXGroup;
			children = (
				4D95FAD52D5A1DEE00D0E4D7 /* Preview Assets.xcassets */,
			);
			path = "Preview Content";
			sourceTree = "<group>";
		};
		4D95FADE2D5A1DEF00D0E4D7 /* Dating_SideTests */ = {
			isa = PBXGroup;
			children = (
				4D95FADF2D5A1DEF00D0E4D7 /* Dating_SideTests.swift */,
			);
			path = Dating_SideTests;
			sourceTree = "<group>";
		};
		4D95FAE82D5A1DEF00D0E4D7 /* Dating_SideUITests */ = {
			isa = PBXGroup;
			children = (
				4D95FAE92D5A1DEF00D0E4D7 /* Dating_SideUITests.swift */,
				4D95FAEB2D5A1DEF00D0E4D7 /* Dating_SideUITestsLaunchTests.swift */,
			);
			path = Dating_SideUITests;
			sourceTree = "<group>";
		};
		4DEB5A722E0C2929009BE55B /* Matching */ = {
			isa = PBXGroup;
			children = (
				4DEB5A6C2E0AD412009BE55B /* CoupleMatchingView.swift */,
				4D6119562D75B20B00715B9E /* ChatListView.swift */,
				4D0122A02DEC812E003E72B0 /* MathcingView.swift */,
				4DF855742DFEE5AF00D429F6 /* MatchingCompleteView.swift */,
				4DF855782DFF03C200D429F6 /* MatchingFailView.swift */,
				4DF8557E2DFF0C4300D429F6 /* secondMathcingView.swift */,
			);
			path = Matching;
			sourceTree = "<group>";
		};
		4DEB5A732E0C294B009BE55B /* Mypage */ = {
			isa = PBXGroup;
			children = (
				4D6119582D75B21E00715B9E /* SettingView.swift */,
				4D909AA62E12C23900F19AD0 /* SettingAndEditView.swift */,
				4DFAFB922E12C7D7006E3B5F /* ArrowNextRow.swift */,
				4DFAFB942E12C884006E3B5F /* ProflieEditView.swift */,
				4DFAFB962E12CB63006E3B5F /* AccoutView.swift */,
			);
			path = Mypage;
			sourceTree = "<group>";
		};
		4DEB5A742E0C296C009BE55B /* Component */ = {
			isa = PBXGroup;
			children = (
				4D3AD6E32DE4A83100436A4B /* ValuesListView.swift */,
				4D0122A42DEC90B4003E72B0 /* WriteAnswerView.swift */,
				4DF855762DFEEF6B00D429F6 /* BottomSheet.swift */,
				4DB5827C2DDB5B86001952D0 /* ProfileView.swift */,
				4DF8557A2DFF04D200D429F6 /* ProfileMiniView.swift */,
			);
			path = Component;
			sourceTree = "<group>";
		};
		4DF329EA2D87EEC900DBB823 /* Login */ = {
			isa = PBXGroup;
			children = (
				4D61195E2D75B2F500715B9E /* PhoneNumberView.swift */,
				4DF329EB2D87EEE200DBB823 /* VerificationNumber.swift */,
				4D0B3BE62DA6B957006206F1 /* LoginView.swift */,
			);
			path = Login;
			sourceTree = "<group>";
		};
/* End PBXGroup section */

/* Begin PBXNativeTarget section */
		4D95FACA2D5A1DED00D0E4D7 /* Dating_Side */ = {
			isa = PBXNativeTarget;
			buildConfigurationList = 4D95FAEF2D5A1DEF00D0E4D7 /* Build configuration list for PBXNativeTarget "Dating_Side" */;
			buildPhases = (
				4D95FAC72D5A1DED00D0E4D7 /* Sources */,
				4D95FAC82D5A1DED00D0E4D7 /* Frameworks */,
				4D95FAC92D5A1DED00D0E4D7 /* Resources */,
			);
			buildRules = (
			);
			dependencies = (
			);
			name = Dating_Side;
			packageProductDependencies = (
				4D33EA162E09720100B2661B /* Kingfisher */,
			);
			productName = Dating_Side;
			productReference = 4D95FACB2D5A1DED00D0E4D7 /* Dating_Side.app */;
			productType = "com.apple.product-type.application";
		};
		4D95FADA2D5A1DEF00D0E4D7 /* Dating_SideTests */ = {
			isa = PBXNativeTarget;
			buildConfigurationList = 4D95FAF22D5A1DEF00D0E4D7 /* Build configuration list for PBXNativeTarget "Dating_SideTests" */;
			buildPhases = (
				4D95FAD72D5A1DEF00D0E4D7 /* Sources */,
				4D95FAD82D5A1DEF00D0E4D7 /* Frameworks */,
				4D95FAD92D5A1DEF00D0E4D7 /* Resources */,
			);
			buildRules = (
			);
			dependencies = (
				4D95FADD2D5A1DEF00D0E4D7 /* PBXTargetDependency */,
			);
			name = Dating_SideTests;
			productName = Dating_SideTests;
			productReference = 4D95FADB2D5A1DEF00D0E4D7 /* Dating_SideTests.xctest */;
			productType = "com.apple.product-type.bundle.unit-test";
		};
		4D95FAE42D5A1DEF00D0E4D7 /* Dating_SideUITests */ = {
			isa = PBXNativeTarget;
			buildConfigurationList = 4D95FAF52D5A1DEF00D0E4D7 /* Build configuration list for PBXNativeTarget "Dating_SideUITests" */;
			buildPhases = (
				4D95FAE12D5A1DEF00D0E4D7 /* Sources */,
				4D95FAE22D5A1DEF00D0E4D7 /* Frameworks */,
				4D95FAE32D5A1DEF00D0E4D7 /* Resources */,
			);
			buildRules = (
			);
			dependencies = (
				4D95FAE72D5A1DEF00D0E4D7 /* PBXTargetDependency */,
			);
			name = Dating_SideUITests;
			productName = Dating_SideUITests;
			productReference = 4D95FAE52D5A1DEF00D0E4D7 /* Dating_SideUITests.xctest */;
			productType = "com.apple.product-type.bundle.ui-testing";
		};
/* End PBXNativeTarget section */

/* Begin PBXProject section */
		4D95FAC32D5A1DED00D0E4D7 /* Project object */ = {
			isa = PBXProject;
			attributes = {
				BuildIndependentTargetsInParallel = 1;
				LastSwiftUpdateCheck = 1520;
				LastUpgradeCheck = 1520;
				TargetAttributes = {
					4D95FACA2D5A1DED00D0E4D7 = {
						CreatedOnToolsVersion = 15.2;
					};
					4D95FADA2D5A1DEF00D0E4D7 = {
						CreatedOnToolsVersion = 15.2;
						TestTargetID = 4D95FACA2D5A1DED00D0E4D7;
					};
					4D95FAE42D5A1DEF00D0E4D7 = {
						CreatedOnToolsVersion = 15.2;
						TestTargetID = 4D95FACA2D5A1DED00D0E4D7;
					};
				};
			};
			buildConfigurationList = 4D95FAC62D5A1DED00D0E4D7 /* Build configuration list for PBXProject "Dating_Side" */;
			compatibilityVersion = "Xcode 14.0";
			developmentRegion = en;
			hasScannedForEncodings = 0;
			knownRegions = (
				en,
				Base,
			);
			mainGroup = 4D95FAC22D5A1DED00D0E4D7;
			packageReferences = (
				4D33EA152E09720100B2661B /* XCRemoteSwiftPackageReference "Kingfisher" */,
			);
			productRefGroup = 4D95FACC2D5A1DED00D0E4D7 /* Products */;
			projectDirPath = "";
			projectRoot = "";
			targets = (
				4D95FACA2D5A1DED00D0E4D7 /* Dating_Side */,
				4D95FADA2D5A1DEF00D0E4D7 /* Dating_SideTests */,
				4D95FAE42D5A1DEF00D0E4D7 /* Dating_SideUITests */,
			);
		};
/* End PBXProject section */

/* Begin PBXResourcesBuildPhase section */
		4D95FAC92D5A1DED00D0E4D7 /* Resources */ = {
			isa = PBXResourcesBuildPhase;
			buildActionMask = 2147483647;
			files = (
				4D6D18632D63432200698E5D /* Moneygraphy-Rounded.ttf in Resources */,
				4D95FAD62D5A1DEE00D0E4D7 /* Preview Assets.xcassets in Resources */,
				4D6D18672D63433600698E5D /* Moneygraphy-Pixel.otf in Resources */,
				4D95FAD32D5A1DEE00D0E4D7 /* Assets.xcassets in Resources */,
				4D6D18622D63432200698E5D /* Moneygraphy-Pixel.ttf in Resources */,
				4D6D18662D63433600698E5D /* Moneygraphy-Rounded.otf in Resources */,
			);
			runOnlyForDeploymentPostprocessing = 0;
		};
		4D95FAD92D5A1DEF00D0E4D7 /* Resources */ = {
			isa = PBXResourcesBuildPhase;
			buildActionMask = 2147483647;
			files = (
			);
			runOnlyForDeploymentPostprocessing = 0;
		};
		4D95FAE32D5A1DEF00D0E4D7 /* Resources */ = {
			isa = PBXResourcesBuildPhase;
			buildActionMask = 2147483647;
			files = (
			);
			runOnlyForDeploymentPostprocessing = 0;
		};
/* End PBXResourcesBuildPhase section */

/* Begin PBXSourcesBuildPhase section */
		4D95FAC72D5A1DED00D0E4D7 /* Sources */ = {
			isa = PBXSourcesBuildPhase;
			buildActionMask = 2147483647;
			files = (
				4DF329E12D87236500DBB823 /* HeightInputView.swift in Sources */,
				4D6D18802D635A7C00698E5D /* GenderSelectView.swift in Sources */,
				4D8FBF862D75972F0065BDA4 /* CustomProgressBar.swift in Sources */,
				4D443B9D2DCB8B5F00F4B9EB /* Methods.swift in Sources */,
				4DB5B3192D9045AF0060D4C6 /* CustomAlert.swift in Sources */,
				4D909AA42E0D8A5D00F19AD0 /* MessageComponent.swift in Sources */,
				4DB5B3132D9036D10060D4C6 /* SchoolNameInputView.swift in Sources */,
				4DD577582D7EC638001B0ED5 /* LoginViewModel.swift in Sources */,
				4D6119522D75AA8700715B9E /* UnitLabel.swift in Sources */,
				4D3AD6E62DE4A99B00436A4B /* ProflieViewModel.swift in Sources */,
				4DCB1A662D759FF300676BCE /* Global.swift in Sources */,
				4D6119572D75B20B00715B9E /* ChatListView.swift in Sources */,
				4D6119502D75AA2900715B9E /* BirthTextField.swift in Sources */,
				4D6119592D75B21E00715B9E /* SettingView.swift in Sources */,
				4D61196A2D75EFC900715B9E /* EducationSelectView.swift in Sources */,
				4D443BAB2DCCE15F00F4B9EB /* KeychainManager.swift in Sources */,
				4DD577562D7EC5A8001B0ED5 /* LoginField.swift in Sources */,
				4DB5827B2DDB4F87001952D0 /* ChatProfileAddImageView.swift in Sources */,
				4D95FAD12D5A1DED00D0E4D7 /* ContentView.swift in Sources */,
				4D6D186E2D63540900698E5D /* Path.swift in Sources */,
				4D0122A52DEC90B4003E72B0 /* WriteAnswerView.swift in Sources */,
				4DFAFB972E12CB63006E3B5F /* AccoutView.swift in Sources */,
				4D0B3BE72DA6B957006206F1 /* LoginView.swift in Sources */,
				4D33EA192E0995B600B2661B /* ChatListViewModel.swift in Sources */,
				4DEB5A6F2E0AD56D009BE55B /* Message.swift in Sources */,
				4D0B3BE52DA6B47F006206F1 /* Login.swift in Sources */,
				4D443B9B2DCB85C600F4B9EB /* OnboardingNetworkManager.swift in Sources */,
				4D443BA92DCBAB6A00F4B9EB /* Codable+Ext.swift in Sources */,
				4D443BA42DCB957C00F4B9EB /* ImageOnboardingViewModel.swift in Sources */,
				4DF329E72D87EAE100DBB823 /* WelcomeText.swift in Sources */,
				4D443BA22DCB954F00F4B9EB /* ChatProfileImageView.swift in Sources */,
				4DF8557B2DFF04D200D429F6 /* ProfileMiniView.swift in Sources */,
				4D6D18772D6358A700698E5D /* NetworkManager.swift in Sources */,
				4DF8557F2DFF0C4300D429F6 /* secondMathcingView.swift in Sources */,
				4D6D185B2D63408F00698E5D /* Color+Ext.swift in Sources */,
				4DF329DB2D87170300DBB823 /* NicknameInputView.swift in Sources */,
				4DFAFB932E12C7D7006E3B5F /* ArrowNextRow.swift in Sources */,
				4DF329EC2D87EEE200DBB823 /* VerificationNumber.swift in Sources */,
				4DF329D92D87157F00DBB823 /* CustomRounedGradientProgressBar.swift in Sources */,
				4D61195B2D75B24300715B9E /* MainContainerView.swift in Sources */,
				4D6D187B2D6358EE00698E5D /* Error.swift in Sources */,
				4DCB70582DA80C10006C120C /* OneDigitTextField.swift in Sources */,
				4DF855792DFF03C200D429F6 /* MatchingFailView.swift in Sources */,
				4D6D18792D6358C700698E5D /* APIManager.swift in Sources */,
				4D4056922D66160500F95ACF /* UserProfileInputView.swift in Sources */,
				4DB5B3152D903B220060D4C6 /* JobSelectView.swift in Sources */,
				4DF329E92D87ED5300DBB823 /* LoginCotainerView.swift in Sources */,
				4D95FACF2D5A1DED00D0E4D7 /* Dating_SideApp.swift in Sources */,
				4D2AB0082DB6705E00A4C73B /* GenericDigitTextField.swift in Sources */,
				4D6119622D75CC9100715B9E /* OnboardingViewModel.swift in Sources */,
				4DF329DD2D87182600DBB823 /* BottomBorderViewModifier.swift in Sources */,
				4D443BA72DCBA34000F4B9EB /* Onboarding.swift in Sources */,
				4D6D18822D637EAF00698E5D /* CustomPicker.swift in Sources */,
				4DEB5A6D2E0AD412009BE55B /* CoupleMatchingView.swift in Sources */,
				4D6D186A2D6343B600698E5D /* Font+Ext.swift in Sources */,
				4DCB1A682D75A14700676BCE /* UserProfileField.swift in Sources */,
				4DB5B3172D903D600060D4C6 /* JobDetailInputView.swift in Sources */,
				4DF329E52D87E9C700DBB823 /* TextWithColoredSubString.swift in Sources */,
				4D40568E2D64B65300F95ACF /* LocationSelectView.swift in Sources */,
				4DF329DF2D871A3D00DBB823 /* BirthInputView.swift in Sources */,
				4DD577542D7EBB4E001B0ED5 /* SusceptibleInfoView.swift in Sources */,
				4D0122A12DEC812E003E72B0 /* MathcingView.swift in Sources */,
				4D6119542D75B0EB00715B9E /* AppState.swift in Sources */,
				4D3AD6E82DE4AA2600436A4B /* Profile.swift in Sources */,
				4D6D18702D63564000698E5D /* NavigationProtocol.swift in Sources */,
				4DF855752DFEE5AF00D429F6 /* MatchingCompleteView.swift in Sources */,
				4DB5827D2DDB5B86001952D0 /* ProfileView.swift in Sources */,
				4D61195F2D75B2F500715B9E /* PhoneNumberView.swift in Sources */,
				4D4056902D64D20800F95ACF /* LoveKeywordSelectView.swift in Sources */,
				4DDF23642E0C29CB006A0096 /* ChatingView.swift in Sources */,
				4D6D18722D63568000698E5D /* Navigation.swift in Sources */,
				4DEB5A712E0ADACB009BE55B /* Date+Ext.swift in Sources */,
				4D909AA72E12C23900F19AD0 /* SettingAndEditView.swift in Sources */,
				4D95FAF92D5A255E00D0E4D7 /* SelectButtonLabel.swift in Sources */,
				4D6D186C2D6353E600698E5D /* Service.swift in Sources */,
				4DFAFB952E12C884006E3B5F /* ProflieEditView.swift in Sources */,
				4D0B3BE32DA6B05D006206F1 /* LoginNetworkManager.swift in Sources */,
				4D3AD6E42DE4A83100436A4B /* ValuesListView.swift in Sources */,
				4D61195D2D75B2A300715B9E /* OnboardingContainerView.swift in Sources */,
				4DF855772DFEEF6B00D429F6 /* BottomSheet.swift in Sources */,
			);
			runOnlyForDeploymentPostprocessing = 0;
		};
		4D95FAD72D5A1DEF00D0E4D7 /* Sources */ = {
			isa = PBXSourcesBuildPhase;
			buildActionMask = 2147483647;
			files = (
				4D95FAE02D5A1DEF00D0E4D7 /* Dating_SideTests.swift in Sources */,
			);
			runOnlyForDeploymentPostprocessing = 0;
		};
		4D95FAE12D5A1DEF00D0E4D7 /* Sources */ = {
			isa = PBXSourcesBuildPhase;
			buildActionMask = 2147483647;
			files = (
				4D95FAEC2D5A1DEF00D0E4D7 /* Dating_SideUITestsLaunchTests.swift in Sources */,
				4D95FAEA2D5A1DEF00D0E4D7 /* Dating_SideUITests.swift in Sources */,
			);
			runOnlyForDeploymentPostprocessing = 0;
		};
/* End PBXSourcesBuildPhase section */

/* Begin PBXTargetDependency section */
		4D95FADD2D5A1DEF00D0E4D7 /* PBXTargetDependency */ = {
			isa = PBXTargetDependency;
			target = 4D95FACA2D5A1DED00D0E4D7 /* Dating_Side */;
			targetProxy = 4D95FADC2D5A1DEF00D0E4D7 /* PBXContainerItemProxy */;
		};
		4D95FAE72D5A1DEF00D0E4D7 /* PBXTargetDependency */ = {
			isa = PBXTargetDependency;
			target = 4D95FACA2D5A1DED00D0E4D7 /* Dating_Side */;
			targetProxy = 4D95FAE62D5A1DEF00D0E4D7 /* PBXContainerItemProxy */;
		};
/* End PBXTargetDependency section */

/* Begin XCBuildConfiguration section */
		4D95FAED2D5A1DEF00D0E4D7 /* Debug */ = {
			isa = XCBuildConfiguration;
			buildSettings = {
				ALWAYS_SEARCH_USER_PATHS = NO;
				ASSETCATALOG_COMPILER_GENERATE_SWIFT_ASSET_SYMBOL_EXTENSIONS = YES;
				CLANG_ANALYZER_NONNULL = YES;
				CLANG_ANALYZER_NUMBER_OBJECT_CONVERSION = YES_AGGRESSIVE;
				CLANG_CXX_LANGUAGE_STANDARD = "gnu++20";
				CLANG_ENABLE_MODULES = YES;
				CLANG_ENABLE_OBJC_ARC = YES;
				CLANG_ENABLE_OBJC_WEAK = YES;
				CLANG_WARN_BLOCK_CAPTURE_AUTORELEASING = YES;
				CLANG_WARN_BOOL_CONVERSION = YES;
				CLANG_WARN_COMMA = YES;
				CLANG_WARN_CONSTANT_CONVERSION = YES;
				CLANG_WARN_DEPRECATED_OBJC_IMPLEMENTATIONS = YES;
				CLANG_WARN_DIRECT_OBJC_ISA_USAGE = YES_ERROR;
				CLANG_WARN_DOCUMENTATION_COMMENTS = YES;
				CLANG_WARN_EMPTY_BODY = YES;
				CLANG_WARN_ENUM_CONVERSION = YES;
				CLANG_WARN_INFINITE_RECURSION = YES;
				CLANG_WARN_INT_CONVERSION = YES;
				CLANG_WARN_NON_LITERAL_NULL_CONVERSION = YES;
				CLANG_WARN_OBJC_IMPLICIT_RETAIN_SELF = YES;
				CLANG_WARN_OBJC_LITERAL_CONVERSION = YES;
				CLANG_WARN_OBJC_ROOT_CLASS = YES_ERROR;
				CLANG_WARN_QUOTED_INCLUDE_IN_FRAMEWORK_HEADER = YES;
				CLANG_WARN_RANGE_LOOP_ANALYSIS = YES;
				CLANG_WARN_STRICT_PROTOTYPES = YES;
				CLANG_WARN_SUSPICIOUS_MOVE = YES;
				CLANG_WARN_UNGUARDED_AVAILABILITY = YES_AGGRESSIVE;
				CLANG_WARN_UNREACHABLE_CODE = YES;
				CLANG_WARN__DUPLICATE_METHOD_MATCH = YES;
				COPY_PHASE_STRIP = NO;
				DEBUG_INFORMATION_FORMAT = dwarf;
				ENABLE_STRICT_OBJC_MSGSEND = YES;
				ENABLE_TESTABILITY = YES;
				ENABLE_USER_SCRIPT_SANDBOXING = YES;
				GCC_C_LANGUAGE_STANDARD = gnu17;
				GCC_DYNAMIC_NO_PIC = NO;
				GCC_NO_COMMON_BLOCKS = YES;
				GCC_OPTIMIZATION_LEVEL = 0;
				GCC_PREPROCESSOR_DEFINITIONS = (
					"DEBUG=1",
					"$(inherited)",
				);
				GCC_WARN_64_TO_32_BIT_CONVERSION = YES;
				GCC_WARN_ABOUT_RETURN_TYPE = YES_ERROR;
				GCC_WARN_UNDECLARED_SELECTOR = YES;
				GCC_WARN_UNINITIALIZED_AUTOS = YES_AGGRESSIVE;
				GCC_WARN_UNUSED_FUNCTION = YES;
				GCC_WARN_UNUSED_VARIABLE = YES;
				IPHONEOS_DEPLOYMENT_TARGET = 17.0;
				LOCALIZATION_PREFERS_STRING_CATALOGS = YES;
				MTL_ENABLE_DEBUG_INFO = INCLUDE_SOURCE;
				MTL_FAST_MATH = YES;
				ONLY_ACTIVE_ARCH = YES;
				SDKROOT = iphoneos;
				SWIFT_ACTIVE_COMPILATION_CONDITIONS = "DEBUG $(inherited)";
				SWIFT_OPTIMIZATION_LEVEL = "-Onone";
			};
			name = Debug;
		};
		4D95FAEE2D5A1DEF00D0E4D7 /* Release */ = {
			isa = XCBuildConfiguration;
			buildSettings = {
				ALWAYS_SEARCH_USER_PATHS = NO;
				ASSETCATALOG_COMPILER_GENERATE_SWIFT_ASSET_SYMBOL_EXTENSIONS = YES;
				CLANG_ANALYZER_NONNULL = YES;
				CLANG_ANALYZER_NUMBER_OBJECT_CONVERSION = YES_AGGRESSIVE;
				CLANG_CXX_LANGUAGE_STANDARD = "gnu++20";
				CLANG_ENABLE_MODULES = YES;
				CLANG_ENABLE_OBJC_ARC = YES;
				CLANG_ENABLE_OBJC_WEAK = YES;
				CLANG_WARN_BLOCK_CAPTURE_AUTORELEASING = YES;
				CLANG_WARN_BOOL_CONVERSION = YES;
				CLANG_WARN_COMMA = YES;
				CLANG_WARN_CONSTANT_CONVERSION = YES;
				CLANG_WARN_DEPRECATED_OBJC_IMPLEMENTATIONS = YES;
				CLANG_WARN_DIRECT_OBJC_ISA_USAGE = YES_ERROR;
				CLANG_WARN_DOCUMENTATION_COMMENTS = YES;
				CLANG_WARN_EMPTY_BODY = YES;
				CLANG_WARN_ENUM_CONVERSION = YES;
				CLANG_WARN_INFINITE_RECURSION = YES;
				CLANG_WARN_INT_CONVERSION = YES;
				CLANG_WARN_NON_LITERAL_NULL_CONVERSION = YES;
				CLANG_WARN_OBJC_IMPLICIT_RETAIN_SELF = YES;
				CLANG_WARN_OBJC_LITERAL_CONVERSION = YES;
				CLANG_WARN_OBJC_ROOT_CLASS = YES_ERROR;
				CLANG_WARN_QUOTED_INCLUDE_IN_FRAMEWORK_HEADER = YES;
				CLANG_WARN_RANGE_LOOP_ANALYSIS = YES;
				CLANG_WARN_STRICT_PROTOTYPES = YES;
				CLANG_WARN_SUSPICIOUS_MOVE = YES;
				CLANG_WARN_UNGUARDED_AVAILABILITY = YES_AGGRESSIVE;
				CLANG_WARN_UNREACHABLE_CODE = YES;
				CLANG_WARN__DUPLICATE_METHOD_MATCH = YES;
				COPY_PHASE_STRIP = NO;
				DEBUG_INFORMATION_FORMAT = "dwarf-with-dsym";
				ENABLE_NS_ASSERTIONS = NO;
				ENABLE_STRICT_OBJC_MSGSEND = YES;
				ENABLE_USER_SCRIPT_SANDBOXING = YES;
				GCC_C_LANGUAGE_STANDARD = gnu17;
				GCC_NO_COMMON_BLOCKS = YES;
				GCC_WARN_64_TO_32_BIT_CONVERSION = YES;
				GCC_WARN_ABOUT_RETURN_TYPE = YES_ERROR;
				GCC_WARN_UNDECLARED_SELECTOR = YES;
				GCC_WARN_UNINITIALIZED_AUTOS = YES_AGGRESSIVE;
				GCC_WARN_UNUSED_FUNCTION = YES;
				GCC_WARN_UNUSED_VARIABLE = YES;
				IPHONEOS_DEPLOYMENT_TARGET = 17.0;
				LOCALIZATION_PREFERS_STRING_CATALOGS = YES;
				MTL_ENABLE_DEBUG_INFO = NO;
				MTL_FAST_MATH = YES;
				SDKROOT = iphoneos;
				SWIFT_COMPILATION_MODE = wholemodule;
				VALIDATE_PRODUCT = YES;
			};
			name = Release;
		};
		4D95FAF02D5A1DEF00D0E4D7 /* Debug */ = {
			isa = XCBuildConfiguration;
			buildSettings = {
				ASSETCATALOG_COMPILER_APPICON_NAME = AppIcon;
				ASSETCATALOG_COMPILER_GLOBAL_ACCENT_COLOR_NAME = AccentColor;
				CODE_SIGN_ENTITLEMENTS = Dating_Side/Dating_Side.entitlements;
				CODE_SIGN_STYLE = Automatic;
				CURRENT_PROJECT_VERSION = 1;
				DEVELOPMENT_ASSET_PATHS = "\"Dating_Side/Preview Content\"";
				DEVELOPMENT_TEAM = DSRQ5VPU2Y;
				ENABLE_PREVIEWS = YES;
				GENERATE_INFOPLIST_FILE = YES;
				INFOPLIST_FILE = "Dating-Side-Info.plist";
				INFOPLIST_KEY_UIApplicationSceneManifest_Generation = YES;
				INFOPLIST_KEY_UIApplicationSupportsIndirectInputEvents = YES;
				INFOPLIST_KEY_UILaunchScreen_Generation = YES;
				INFOPLIST_KEY_UISupportedInterfaceOrientations_iPad = "UIInterfaceOrientationPortrait UIInterfaceOrientationPortraitUpsideDown UIInterfaceOrientationLandscapeLeft UIInterfaceOrientationLandscapeRight";
				INFOPLIST_KEY_UISupportedInterfaceOrientations_iPhone = "UIInterfaceOrientationPortrait UIInterfaceOrientationLandscapeLeft UIInterfaceOrientationLandscapeRight";
				IPHONEOS_DEPLOYMENT_TARGET = 17.0;
				LD_RUNPATH_SEARCH_PATHS = (
					"$(inherited)",
					"@executable_path/Frameworks",
				);
				MARKETING_VERSION = 1.0;
				PRODUCT_BUNDLE_IDENTIFIER = com.rayoung.loveway;
				PRODUCT_NAME = "$(TARGET_NAME)";
				SWIFT_EMIT_LOC_STRINGS = YES;
				SWIFT_VERSION = 5.0;
				TARGETED_DEVICE_FAMILY = "1,2";
			};
			name = Debug;
		};
		4D95FAF12D5A1DEF00D0E4D7 /* Release */ = {
			isa = XCBuildConfiguration;
			buildSettings = {
				ASSETCATALOG_COMPILER_APPICON_NAME = AppIcon;
				ASSETCATALOG_COMPILER_GLOBAL_ACCENT_COLOR_NAME = AccentColor;
				CODE_SIGN_ENTITLEMENTS = Dating_Side/Dating_Side.entitlements;
				CODE_SIGN_STYLE = Automatic;
				CURRENT_PROJECT_VERSION = 1;
				DEVELOPMENT_ASSET_PATHS = "\"Dating_Side/Preview Content\"";
				DEVELOPMENT_TEAM = DSRQ5VPU2Y;
				ENABLE_PREVIEWS = YES;
				GENERATE_INFOPLIST_FILE = YES;
				INFOPLIST_FILE = "Dating-Side-Info.plist";
				INFOPLIST_KEY_UIApplicationSceneManifest_Generation = YES;
				INFOPLIST_KEY_UIApplicationSupportsIndirectInputEvents = YES;
				INFOPLIST_KEY_UILaunchScreen_Generation = YES;
				INFOPLIST_KEY_UISupportedInterfaceOrientations_iPad = "UIInterfaceOrientationPortrait UIInterfaceOrientationPortraitUpsideDown UIInterfaceOrientationLandscapeLeft UIInterfaceOrientationLandscapeRight";
				INFOPLIST_KEY_UISupportedInterfaceOrientations_iPhone = "UIInterfaceOrientationPortrait UIInterfaceOrientationLandscapeLeft UIInterfaceOrientationLandscapeRight";
				IPHONEOS_DEPLOYMENT_TARGET = 17.0;
				LD_RUNPATH_SEARCH_PATHS = (
					"$(inherited)",
					"@executable_path/Frameworks",
				);
				MARKETING_VERSION = 1.0;
				PRODUCT_BUNDLE_IDENTIFIER = com.rayoung.loveway;
				PRODUCT_NAME = "$(TARGET_NAME)";
				SWIFT_EMIT_LOC_STRINGS = YES;
				SWIFT_VERSION = 5.0;
				TARGETED_DEVICE_FAMILY = "1,2";
			};
			name = Release;
		};
		4D95FAF32D5A1DEF00D0E4D7 /* Debug */ = {
			isa = XCBuildConfiguration;
			buildSettings = {
				ALWAYS_EMBED_SWIFT_STANDARD_LIBRARIES = YES;
				BUNDLE_LOADER = "$(TEST_HOST)";
				CODE_SIGN_STYLE = Automatic;
				CURRENT_PROJECT_VERSION = 1;
				DEVELOPMENT_TEAM = DSRQ5VPU2Y;
				GENERATE_INFOPLIST_FILE = YES;
				IPHONEOS_DEPLOYMENT_TARGET = 17.2;
				MARKETING_VERSION = 1.0;
				PRODUCT_BUNDLE_IDENTIFIER = "com.rayoung.Dating-SideTests";
				PRODUCT_NAME = "$(TARGET_NAME)";
				SWIFT_EMIT_LOC_STRINGS = NO;
				SWIFT_VERSION = 5.0;
				TARGETED_DEVICE_FAMILY = "1,2";
				TEST_HOST = "$(BUILT_PRODUCTS_DIR)/Dating_Side.app/$(BUNDLE_EXECUTABLE_FOLDER_PATH)/Dating_Side";
			};
			name = Debug;
		};
		4D95FAF42D5A1DEF00D0E4D7 /* Release */ = {
			isa = XCBuildConfiguration;
			buildSettings = {
				ALWAYS_EMBED_SWIFT_STANDARD_LIBRARIES = YES;
				BUNDLE_LOADER = "$(TEST_HOST)";
				CODE_SIGN_STYLE = Automatic;
				CURRENT_PROJECT_VERSION = 1;
				DEVELOPMENT_TEAM = DSRQ5VPU2Y;
				GENERATE_INFOPLIST_FILE = YES;
				IPHONEOS_DEPLOYMENT_TARGET = 17.2;
				MARKETING_VERSION = 1.0;
				PRODUCT_BUNDLE_IDENTIFIER = "com.rayoung.Dating-SideTests";
				PRODUCT_NAME = "$(TARGET_NAME)";
				SWIFT_EMIT_LOC_STRINGS = NO;
				SWIFT_VERSION = 5.0;
				TARGETED_DEVICE_FAMILY = "1,2";
				TEST_HOST = "$(BUILT_PRODUCTS_DIR)/Dating_Side.app/$(BUNDLE_EXECUTABLE_FOLDER_PATH)/Dating_Side";
			};
			name = Release;
		};
		4D95FAF62D5A1DEF00D0E4D7 /* Debug */ = {
			isa = XCBuildConfiguration;
			buildSettings = {
				ALWAYS_EMBED_SWIFT_STANDARD_LIBRARIES = YES;
				CODE_SIGN_STYLE = Automatic;
				CURRENT_PROJECT_VERSION = 1;
				DEVELOPMENT_TEAM = DSRQ5VPU2Y;
				GENERATE_INFOPLIST_FILE = YES;
				MARKETING_VERSION = 1.0;
				PRODUCT_BUNDLE_IDENTIFIER = "com.rayoung.Dating-SideUITests";
				PRODUCT_NAME = "$(TARGET_NAME)";
				SWIFT_EMIT_LOC_STRINGS = NO;
				SWIFT_VERSION = 5.0;
				TARGETED_DEVICE_FAMILY = "1,2";
				TEST_TARGET_NAME = Dating_Side;
			};
			name = Debug;
		};
		4D95FAF72D5A1DEF00D0E4D7 /* Release */ = {
			isa = XCBuildConfiguration;
			buildSettings = {
				ALWAYS_EMBED_SWIFT_STANDARD_LIBRARIES = YES;
				CODE_SIGN_STYLE = Automatic;
				CURRENT_PROJECT_VERSION = 1;
				DEVELOPMENT_TEAM = DSRQ5VPU2Y;
				GENERATE_INFOPLIST_FILE = YES;
				MARKETING_VERSION = 1.0;
				PRODUCT_BUNDLE_IDENTIFIER = "com.rayoung.Dating-SideUITests";
				PRODUCT_NAME = "$(TARGET_NAME)";
				SWIFT_EMIT_LOC_STRINGS = NO;
				SWIFT_VERSION = 5.0;
				TARGETED_DEVICE_FAMILY = "1,2";
				TEST_TARGET_NAME = Dating_Side;
			};
			name = Release;
		};
/* End XCBuildConfiguration section */

/* Begin XCConfigurationList section */
		4D95FAC62D5A1DED00D0E4D7 /* Build configuration list for PBXProject "Dating_Side" */ = {
			isa = XCConfigurationList;
			buildConfigurations = (
				4D95FAED2D5A1DEF00D0E4D7 /* Debug */,
				4D95FAEE2D5A1DEF00D0E4D7 /* Release */,
			);
			defaultConfigurationIsVisible = 0;
			defaultConfigurationName = Release;
		};
		4D95FAEF2D5A1DEF00D0E4D7 /* Build configuration list for PBXNativeTarget "Dating_Side" */ = {
			isa = XCConfigurationList;
			buildConfigurations = (
				4D95FAF02D5A1DEF00D0E4D7 /* Debug */,
				4D95FAF12D5A1DEF00D0E4D7 /* Release */,
			);
			defaultConfigurationIsVisible = 0;
			defaultConfigurationName = Release;
		};
		4D95FAF22D5A1DEF00D0E4D7 /* Build configuration list for PBXNativeTarget "Dating_SideTests" */ = {
			isa = XCConfigurationList;
			buildConfigurations = (
				4D95FAF32D5A1DEF00D0E4D7 /* Debug */,
				4D95FAF42D5A1DEF00D0E4D7 /* Release */,
			);
			defaultConfigurationIsVisible = 0;
			defaultConfigurationName = Release;
		};
		4D95FAF52D5A1DEF00D0E4D7 /* Build configuration list for PBXNativeTarget "Dating_SideUITests" */ = {
			isa = XCConfigurationList;
			buildConfigurations = (
				4D95FAF62D5A1DEF00D0E4D7 /* Debug */,
				4D95FAF72D5A1DEF00D0E4D7 /* Release */,
			);
			defaultConfigurationIsVisible = 0;
			defaultConfigurationName = Release;
		};
/* End XCConfigurationList section */

/* Begin XCRemoteSwiftPackageReference section */
		4D33EA152E09720100B2661B /* XCRemoteSwiftPackageReference "Kingfisher" */ = {
			isa = XCRemoteSwiftPackageReference;
			repositoryURL = "https://github.com/onevcat/Kingfisher.git";
			requirement = {
				kind = upToNextMajorVersion;
				minimumVersion = 8.3.3;
			};
		};
/* End XCRemoteSwiftPackageReference section */

/* Begin XCSwiftPackageProductDependency section */
		4D33EA162E09720100B2661B /* Kingfisher */ = {
			isa = XCSwiftPackageProductDependency;
			package = 4D33EA152E09720100B2661B /* XCRemoteSwiftPackageReference "Kingfisher" */;
			productName = Kingfisher;
		};
/* End XCSwiftPackageProductDependency section */
	};
	rootObject = 4D95FAC32D5A1DED00D0E4D7 /* Project object */;
}
